
Microsoft Visual Studio Solution File, Format Version 12.00
# Visual Studio 14
VisualStudioVersion = 14.0.25420.1
MinimumVisualStudioVersion = 10.0.40219.1
Project("{FAE04EC0-301F-11D3-BF4B-00C04F79EFBC}") = "EntityFramework.Dojo", "EntityFramework.Dojo\EntityFramework.Dojo.csproj", "{6E58BD0E-C065-4F34-B7AC-32B891235392}"
EndProject
Project("{FAE04EC0-301F-11D3-BF4B-00C04F79EFBC}") = "EntityFramework.Data", "EntityFramework.Data\EntityFramework.Data.csproj", "{DBDD2E1B-E136-4F2E-B50F-E0D95A0DF269}"
EndProject
Project("{FAE04EC0-301F-11D3-BF4B-00C04F79EFBC}") = "WebApplication1", "WebApplication1\WebApplication1.csproj", "{042E0FE2-0F83-4140-B890-78CA859C887D}"
EndProject
Project("{FAE04EC0-301F-11D3-BF4B-00C04F79EFBC}") = "WebApplication1.Test", "WebApplication1.Test\WebApplication1.Test.csproj", "{3696527E-E915-4849-9ECA-4A9BFE283CD0}"
EndProject
Global
	GlobalSection(SolutionConfigurationPlatforms) = preSolution
		Debug|Any CPU = Debug|Any CPU
		Release|Any CPU = Release|Any CPU
	EndGlobalSection
	GlobalSection(ProjectConfigurationPlatforms) = postSolution
		{6E58BD0E-C065-4F34-B7AC-32B891235392}.Debug|Any CPU.ActiveCfg = Debug|Any CPU
		{6E58BD0E-C065-4F34-B7AC-32B891235392}.Debug|Any CPU.Build.0 = Debug|Any CPU
		{6E58BD0E-C065-4F34-B7AC-32B891235392}.Release|Any CPU.ActiveCfg = Release|Any CPU
		{6E58BD0E-C065-4F34-B7AC-32B891235392}.Release|Any CPU.Build.0 = Release|Any CPU
		{DBDD2E1B-E136-4F2E-B50F-E0D95A0DF269}.Debug|Any CPU.ActiveCfg = Debug|Any CPU
		{DBDD2E1B-E136-4F2E-B50F-E0D95A0DF269}.Debug|Any CPU.Build.0 = Debug|Any CPU
		{DBDD2E1B-E136-4F2E-B50F-E0D95A0DF269}.Release|Any CPU.ActiveCfg = Release|Any CPU
		{DBDD2E1B-E136-4F2E-B50F-E0D95A0DF269}.Release|Any CPU.Build.0 = Release|Any CPU
		{042E0FE2-0F83-4140-B890-78CA859C887D}.Debug|Any CPU.ActiveCfg = Debug|Any CPU
		{042E0FE2-0F83-4140-B890-78CA859C887D}.Debug|Any CPU.Build.0 = Debug|Any CPU
		{042E0FE2-0F83-4140-B890-78CA859C887D}.Release|Any CPU.ActiveCfg = Release|Any CPU
		{042E0FE2-0F83-4140-B890-78CA859C887D}.Release|Any CPU.Build.0 = Release|Any CPU
		{3696527E-E915-4849-9ECA-4A9BFE283CD0}.Debug|Any CPU.ActiveCfg = Debug|Any CPU
		{3696527E-E915-4849-9ECA-4A9BFE283CD0}.Debug|Any CPU.Build.0 = Debug|Any CPU
		{3696527E-E915-4849-9ECA-4A9BFE283CD0}.Release|Any CPU.ActiveCfg = Release|Any CPU
		{3696527E-E915-4849-9ECA-4A9BFE283CD0}.Release|Any CPU.Build.0 = Release|Any CPU
	EndGlobalSection
	GlobalSection(SolutionProperties) = preSolution
		HideSolutionNode = FALSE
	EndGlobalSection
EndGlobal
